{
  "name": "personal-site",
  "lockfileVersion": 3,
  "requires": true,
  "packages": {
    "": {
      "dependencies": {
        "ky": "^1.2.3"
      }
    },
    "node_modules/ky": {
      "version": "1.2.3",
      "resolved": "https://registry.npmjs.org/ky/-/ky-1.2.3.tgz",
      "integrity": "sha512-2IM3VssHfG2zYz2FsHRUqIp8chhLc9uxDMcK2THxgFfv8pQhnMfN8L0ul+iW4RdBl5AglF8ooPIflRm3yNH0IA==",
      "engines": {
        "node": ">=18"
      },
      "funding": {
        "url": "https://github.com/sindresorhus/ky?sponsor=1"
      }
    }
  }
}
